<?xml version="1.0" encoding="utf-8"?>
<Project ToolsVersion="4.0" xmlns="http://schemas.microsoft.com/developer/msbuild/2003">
  <ItemGroup>
    <ClCompile Include="src\VehicleSimulation.cpp">
      <Filter>src</Filter>
    </ClCompile>
    <ClCompile Include="src\main.cpp">
      <Filter>src</Filter>
    </ClCompile>
    <ClCompile Include="src\Environment.cpp">
      <Filter>src\External</Filter>
    </ClCompile>
    <ClCompile Include="src\VisualShell.cpp">
      <Filter>src\Visual</Filter>
    </ClCompile>
    <ClCompile Include="src\WheelSystem.cpp">
      <Filter>src\Internal\Subsystems\Wheels</Filter>
    </ClCompile>
    <ClCompile Include="src\PacejkaMagicFormula.cpp">
      <Filter>src\Internal\Subsystems\Wheels</Filter>
    </ClCompile>
    <ClCompile Include="src\Tyre.cpp">
      <Filter>src\Internal\Subsystems\Wheels</Filter>
    </ClCompile>
    <ClCompile Include="src\Wheel.cpp">
      <Filter>src\Internal\Subsystems\Wheels</Filter>
    </ClCompile>
    <ClCompile Include="src\GameCarModel.cpp">
      <Filter>src\Visual\Car</Filter>
    </ClCompile>
    <ClCompile Include="src\DebugCarModel.cpp">
      <Filter>src\Visual\Debugging</Filter>
    </ClCompile>
    <ClCompile Include="src\DebugVectorGroup.cpp">
      <Filter>src\Visual\Debugging</Filter>
    </ClCompile>
    <ClCompile Include="src\EnvironmentModel.cpp">
      <Filter>src\Visual\Environment</Filter>
    </ClCompile>
    <ClCompile Include="src\TerrainModel.cpp">
      <Filter>src\Visual\Environment</Filter>
    </ClCompile>
    <ClCompile Include="src\Terrain.cpp">
      <Filter>src\External</Filter>
    </ClCompile>
    <ClCompile Include="src\Track.cpp">
      <Filter>src\External</Filter>
    </ClCompile>
    <ClCompile Include="src\ControlSystem.cpp">
      <Filter>src\Internal\Subsystems\Control</Filter>
    </ClCompile>
    <ClCompile Include="src\CameraSystem.cpp">
      <Filter>src\Visual\Cameras</Filter>
    </ClCompile>
    <ClCompile Include="src\AllCameras.cpp">
      <Filter>src\Visual\Cameras</Filter>
    </ClCompile>
    <ClCompile Include="src\Car.cpp">
      <Filter>src\Internal\Core</Filter>
    </ClCompile>
    <ClCompile Include="src\UILayer.cpp">
      <Filter>src\Visual</Filter>
    </ClCompile>
    <ClCompile Include="src\WheelInterface.cpp">
      <Filter>src\Internal\Subsystems\Wheels</Filter>
    </ClCompile>
    <ClCompile Include="src\ICarModel.cpp">
      <Filter>src\Visual\Car</Filter>
    </ClCompile>
  </ItemGroup>
  <ItemGroup>
    <ClInclude Include="src\VehicleSimulation.h">
      <Filter>src</Filter>
    </ClInclude>
    <ClInclude Include="src\Environment.h">
      <Filter>src\External</Filter>
    </ClInclude>
    <ClInclude Include="src\VisualShell.h">
      <Filter>src\Visual</Filter>
    </ClInclude>
    <ClInclude Include="src\WheelSystem.h">
      <Filter>src\Internal\Subsystems\Wheels</Filter>
    </ClInclude>
    <ClInclude Include="src\PacejkaMagicFormula.h">
      <Filter>src\Internal\Subsystems\Wheels</Filter>
    </ClInclude>
    <ClInclude Include="src\Tyre.h">
      <Filter>src\Internal\Subsystems\Wheels</Filter>
    </ClInclude>
    <ClInclude Include="src\Wheel.h">
      <Filter>src\Internal\Subsystems\Wheels</Filter>
    </ClInclude>
    <ClInclude Include="src\GameCarModel.h">
      <Filter>src\Visual\Car</Filter>
    </ClInclude>
    <ClInclude Include="src\DebugCarModel.h">
      <Filter>src\Visual\Debugging</Filter>
    </ClInclude>
    <ClInclude Include="src\DebugVectorGroup.h">
      <Filter>src\Visual\Debugging</Filter>
    </ClInclude>
    <ClInclude Include="src\DebugVector.hpp">
      <Filter>src\Visual\Debugging</Filter>
    </ClInclude>
    <ClInclude Include="src\EnvironmentModel.h">
      <Filter>src\Visual\Environment</Filter>
    </ClInclude>
    <ClInclude Include="src\TerrainModel.h">
      <Filter>src\Visual\Environment</Filter>
    </ClInclude>
    <ClInclude Include="src\Terrain.h">
      <Filter>src\External</Filter>
    </ClInclude>
    <ClInclude Include="src\Track.h">
      <Filter>src\External</Filter>
    </ClInclude>
    <ClInclude Include="src\ControlSystem.h">
      <Filter>src\Internal\Subsystems\Control</Filter>
    </ClInclude>
    <ClInclude Include="src\CameraSystem.h">
      <Filter>src\Visual\Cameras</Filter>
    </ClInclude>
    <ClInclude Include="src\AllCameras.h">
      <Filter>src\Visual\Cameras</Filter>
    </ClInclude>
    <ClInclude Include="src\Car.h">
      <Filter>src\Internal\Core</Filter>
    </ClInclude>
    <ClInclude Include="src\Axle.hpp">
      <Filter>src\Internal\Core</Filter>
    </ClInclude>
    <ClInclude Include="src\Brake.hpp">
      <Filter>src\Internal\Misc</Filter>
    </ClInclude>
    <ClInclude Include="src\Suspension.hpp">
      <Filter>src\Internal\Misc</Filter>
    </ClInclude>
    <ClInclude Include="src\TorqueGenerator.hpp">
      <Filter>src\Internal\Subsystems\Drive</Filter>
    </ClInclude>
    <ClInclude Include="src\UILayer.h">
      <Filter>src\Visual</Filter>
    </ClInclude>
    <ClInclude Include="src\WheelInterface.h">
      <Filter>src\Internal\Subsystems\Wheels</Filter>
    </ClInclude>
    <ClInclude Include="src\ICarModel.h">
      <Filter>src\Visual\Car</Filter>
    </ClInclude>
    <ClInclude Include="src\TerrainGenLayers.hpp">
      <Filter>src\External</Filter>
    </ClInclude>
  </ItemGroup>
  <ItemGroup>
    <Text Include="todo.txt" />
    <Text Include="notes.txt" />
  </ItemGroup>
  <ItemGroup>
    <Filter Include="src">
      <UniqueIdentifier>{0020e31f-e0d6-493a-9cb1-efd875350bb6}</UniqueIdentifier>
    </Filter>
    <Filter Include="src\External">
      <UniqueIdentifier>{ba6b1e18-5e36-4519-9850-7adae1f07d94}</UniqueIdentifier>
    </Filter>
    <Filter Include="src\Internal">
      <UniqueIdentifier>{c7d6eda3-fa31-405b-92e5-fcd92a555196}</UniqueIdentifier>
    </Filter>
    <Filter Include="src\Visual">
      <UniqueIdentifier>{189b0663-ca91-465d-80f0-5ffbc7dc81b8}</UniqueIdentifier>
    </Filter>
    <Filter Include="src\Visual\Car">
      <UniqueIdentifier>{4caed832-8827-4c6a-8ba8-6255b9d20bb2}</UniqueIdentifier>
    </Filter>
    <Filter Include="src\Visual\Debugging">
      <UniqueIdentifier>{8c84ea0e-3b8a-4829-aab7-c17284a9fcf1}</UniqueIdentifier>
    </Filter>
    <Filter Include="src\Visual\Environment">
      <UniqueIdentifier>{99e22353-9b06-4dd1-ab55-6e5d13443270}</UniqueIdentifier>
    </Filter>
    <Filter Include="src\Visual\Shaders">
      <UniqueIdentifier>{ea91d9eb-5e61-48a1-95fd-132a3bb0855c}</UniqueIdentifier>
    </Filter>
    <Filter Include="src\Visual\Cameras">
      <UniqueIdentifier>{4af99413-60b9-47ff-a825-fcf0d06e0f55}</UniqueIdentifier>
    </Filter>
    <Filter Include="src\Internal\Core">
      <UniqueIdentifier>{1170f6a8-c472-4ba1-95dc-959987def3a1}</UniqueIdentifier>
    </Filter>
    <Filter Include="src\Internal\Subsystems">
      <UniqueIdentifier>{c63c8744-17e4-47a1-ac15-e825ea563226}</UniqueIdentifier>
    </Filter>
    <Filter Include="src\Internal\Subsystems\Wheels">
      <UniqueIdentifier>{bdde0f4a-3cca-4c0a-add6-fd46ef1678f3}</UniqueIdentifier>
    </Filter>
    <Filter Include="src\Internal\Subsystems\Drive">
      <UniqueIdentifier>{f0eab928-8102-4e73-9840-254c91ed94f9}</UniqueIdentifier>
    </Filter>
    <Filter Include="src\Internal\Subsystems\Control">
      <UniqueIdentifier>{8e792441-bcd6-4118-8d49-a2a76eba50d8}</UniqueIdentifier>
    </Filter>
    <Filter Include="src\Internal\Misc">
      <UniqueIdentifier>{bf963647-e6b6-4c8f-bf05-ad8cbb249690}</UniqueIdentifier>
    </Filter>
  </ItemGroup>
  <ItemGroup>
    <None Include="res\shaders\body.frag">
      <Filter>src\Visual\Shaders</Filter>
    </None>
    <None Include="res\shaders\body.vert">
      <Filter>src\Visual\Shaders</Filter>
    </None>
    <None Include="res\shaders\debug.frag">
      <Filter>src\Visual\Shaders</Filter>
    </None>
    <None Include="res\shaders\debug.vert">
      <Filter>src\Visual\Shaders</Filter>
    </None>
    <None Include="res\shaders\flat.frag">
      <Filter>src\Visual\Shaders</Filter>
    </None>
    <None Include="res\shaders\flat.vert">
      <Filter>src\Visual\Shaders</Filter>
    </None>
    <None Include="res\shaders\plane.frag">
      <Filter>src\Visual\Shaders</Filter>
    </None>
    <None Include="res\shaders\plane.vert">
      <Filter>src\Visual\Shaders</Filter>
    </None>
    <None Include="res\shaders\skyBox.frag">
      <Filter>src\Visual\Shaders</Filter>
    </None>
    <None Include="res\shaders\skyBox.vert">
      <Filter>src\Visual\Shaders</Filter>
    </None>
    <None Include="res\shaders\terrain.frag">
      <Filter>src\Visual\Shaders</Filter>
    </None>
    <None Include="res\shaders\terrain.vert">
      <Filter>src\Visual\Shaders</Filter>
    </None>
  </ItemGroup>
</Project>